// !$*UTF8*$!
{
	archiveVersion = 1;
	classes = {
	};
	objectVersion = 46;
	objects = {

/* Begin PBXBuildFile section */
		CB37F0051A847F1E0031EE18 /* AppDelegate.swift in Sources */ = {isa = PBXBuildFile; fileRef = CB37F0041A847F1E0031EE18 /* AppDelegate.swift */; };
		CB37F0071A847F1E0031EE18 /* ViewController.swift in Sources */ = {isa = PBXBuildFile; fileRef = CB37F0061A847F1E0031EE18 /* ViewController.swift */; };
		CB37F00A1A847F1E0031EE18 /* Main.storyboard in Resources */ = {isa = PBXBuildFile; fileRef = CB37F0081A847F1E0031EE18 /* Main.storyboard */; };
		CB37F00C1A847F1E0031EE18 /* Images.xcassets in Resources */ = {isa = PBXBuildFile; fileRef = CB37F00B1A847F1E0031EE18 /* Images.xcassets */; };
		CB37F00F1A847F1E0031EE18 /* LaunchScreen.xib in Resources */ = {isa = PBXBuildFile; fileRef = CB37F00D1A847F1E0031EE18 /* LaunchScreen.xib */; };
		CB37F01B1A847F1E0031EE18 /* _9RedBallonStructChallengeTests.swift in Sources */ = {isa = PBXBuildFile; fileRef = CB37F01A1A847F1E0031EE18 /* _9RedBallonStructChallengeTests.swift */; };
/* End PBXBuildFile section */

/* Begin PBXContainerItemProxy section */
		CB37F0151A847F1E0031EE18 /* PBXContainerItemProxy */ = {
			isa = PBXContainerItemProxy;
			containerPortal = CB37EFF71A847F1E0031EE18 /* Project object */;
			proxyType = 1;
			remoteGlobalIDString = CB37EFFE1A847F1E0031EE18;
			remoteInfo = 99RedBallonStructChallenge;
		};
/* End PBXContainerItemProxy section */

/* Begin PBXFileReference section */
		CB37EFFF1A847F1E0031EE18 /* 99RedBallonStructChallenge.app */ = {isa = PBXFileReference; explicitFileType = wrapper.application; includeInIndex = 0; path = 99RedBallonStructChallenge.app; sourceTree = BUILT_PRODUCTS_DIR; };
		CB37F0031A847F1E0031EE18 /* Info.plist */ = {isa = PBXFileReference; lastKnownFileType = text.plist.xml; path = Info.plist; sourceTree = "<group>"; };
		CB37F0041A847F1E0031EE18 /* AppDelegate.swift */ = {isa = PBXFileReference; lastKnownFileType = sourcecode.swift; path = AppDelegate.swift; sourceTree = "<group>"; };
		CB37F0061A847F1E0031EE18 /* ViewController.swift */ = {isa = PBXFileReference; lastKnownFileType = sourcecode.swift; path = ViewController.swift; sourceTree = "<group>"; };
		CB37F0091A847F1E0031EE18 /* Base */ = {isa = PBXFileReference; lastKnownFileType = file.storyboard; name = Base; path = Base.lproj/Main.storyboard; sourceTree = "<group>"; };
		CB37F00B1A847F1E0031EE18 /* Images.xcassets */ = {isa = PBXFileReference; lastKnownFileType = folder.assetcatalog; path = Images.xcassets; sourceTree = "<group>"; };
		CB37F00E1A847F1E0031EE18 /* Base */ = {isa = PBXFileReference; lastKnownFileType = file.xib; name = Base; path = Base.lproj/LaunchScreen.xib; sourceTree = "<group>"; };
		CB37F0141A847F1E0031EE18 /* 99RedBallonStructChallengeTests.xctest */ = {isa = PBXFileReference; explicitFileType = wrapper.cfbundle; includeInIndex = 0; path = 99RedBallonStructChallengeTests.xctest; sourceTree = BUILT_PRODUCTS_DIR; };
		CB37F0191A847F1E0031EE18 /* Info.plist */ = {isa = PBXFileReference; lastKnownFileType = text.plist.xml; path = Info.plist; sourceTree = "<group>"; };
		CB37F01A1A847F1E0031EE18 /* _9RedBallonStructChallengeTests.swift */ = {isa = PBXFileReference; lastKnownFileType = sourcecode.swift; path = _9RedBallonStructChallengeTests.swift; sourceTree = "<group>"; };
/* End PBXFileReference section */

/* Begin PBXFrameworksBuildPhase section */
		CB37EFFC1A847F1E0031EE18 /* Frameworks */ = {
			isa = PBXFrameworksBuildPhase;
			buildActionMask = 2147483647;
			files = (
			);
			runOnlyForDeploymentPostprocessing = 0;
		};
		CB37F0111A847F1E0031EE18 /* Frameworks */ = {
			isa = PBXFrameworksBuildPhase;
			buildActionMask = 2147483647;
			files = (
			);
			runOnlyForDeploymentPostprocessing = 0;
		};
/* End PBXFrameworksBuildPhase section */

/* Begin PBXGroup section */
		CB37EFF61A847F1E0031EE18 = {
			isa = PBXGroup;
			children = (
				CB37F0011A847F1E0031EE18 /* 99RedBallonStructChallenge */,
				CB37F0171A847F1E0031EE18 /* 99RedBallonStructChallengeTests */,
				CB37F0001A847F1E0031EE18 /* Products */,
			);
			sourceTree = "<group>";
		};
		CB37F0001A847F1E0031EE18 /* Products */ = {
			isa = PBXGroup;
			children = (
				CB37EFFF1A847F1E0031EE18 /* 99RedBallonStructChallenge.app */,
				CB37F0141A847F1E0031EE18 /* 99RedBallonStructChallengeTests.xctest */,
			);
			name = Products;
			sourceTree = "<group>";
		};
		CB37F0011A847F1E0031EE18 /* 99RedBallonStructChallenge */ = {
			isa = PBXGroup;
			children = (
				CB37F0041A847F1E0031EE18 /* AppDelegate.swift */,
				CB37F0061A847F1E0031EE18 /* ViewController.swift */,
				CB37F0081A847F1E0031EE18 /* Main.storyboard */,
				CB37F00B1A847F1E0031EE18 /* Images.xcassets */,
				CB37F00D1A847F1E0031EE18 /* LaunchScreen.xib */,
				CB37F0021A847F1E0031EE18 /* Supporting Files */,
			);
			path = 99RedBallonStructChallenge;
			sourceTree = "<group>";
		};
		CB37F0021A847F1E0031EE18 /* Supporting Files */ = {
			isa = PBXGroup;
			children = (
				CB37F0031A847F1E0031EE18 /* Info.plist */,
			);
			name = "Supporting Files";
			sourceTree = "<group>";
		};
		CB37F0171A847F1E0031EE18 /* 99RedBallonStructChallengeTests */ = {
			isa = PBXGroup;
			children = (
				CB37F01A1A847F1E0031EE18 /* _9RedBallonStructChallengeTests.swift */,
				CB37F0181A847F1E0031EE18 /* Supporting Files */,
			);
			path = 99RedBallonStructChallengeTests;
			sourceTree = "<group>";
		};
		CB37F0181A847F1E0031EE18 /* Supporting Files */ = {
			isa = PBXGroup;
			children = (
				CB37F0191A847F1E0031EE18 /* Info.plist */,
			);
			name = "Supporting Files";
			sourceTree = "<group>";
		};
/* End PBXGroup section */

/* Begin PBXNativeTarget section */
		CB37EFFE1A847F1E0031EE18 /* 99RedBallonStructChallenge */ = {
			isa = PBXNativeTarget;
			buildConfigurationList = CB37F01E1A847F1E0031EE18 /* Build configuration list for PBXNativeTarget "99RedBallonStructChallenge" */;
			buildPhases = (
				CB37EFFB1A847F1E0031EE18 /* Sources */,
				CB37EFFC1A847F1E0031EE18 /* Frameworks */,
				CB37EFFD1A847F1E0031EE18 /* Resources */,
			);
			buildRules = (
			);
			dependencies = (
			);
			name = 99RedBallonStructChallenge;
			productName = 99RedBallonStructChallenge;
			productReference = CB37EFFF1A847F1E0031EE18 /* 99RedBallonStructChallenge.app */;
			productType = "com.apple.product-type.application";
		};
		CB37F0131A847F1E0031EE18 /* 99RedBallonStructChallengeTests */ = {
			isa = PBXNativeTarget;
			buildConfigurationList = CB37F0211A847F1E0031EE18 /* Build configuration list for PBXNativeTarget "99RedBallonStructChallengeTests" */;
			buildPhases = (
				CB37F0101A847F1E0031EE18 /* Sources */,
				CB37F0111A847F1E0031EE18 /* Frameworks */,
				CB37F0121A847F1E0031EE18 /* Resources */,
			);
			buildRules = (
			);
			dependencies = (
				CB37F0161A847F1E0031EE18 /* PBXTargetDependency */,
			);
			name = 99RedBallonStructChallengeTests;
			productName = 99RedBallonStructChallengeTests;
			productReference = CB37F0141A847F1E0031EE18 /* 99RedBallonStructChallengeTests.xctest */;
			productType = "com.apple.product-type.bundle.unit-test";
		};
/* End PBXNativeTarget section */

/* Begin PBXProject section */
		CB37EFF71A847F1E0031EE18 /* Project object */ = {
			isa = PBXProject;
			attributes = {
				LastUpgradeCheck = 0610;
				ORGANIZATIONNAME = "Carlos Medrano";
				TargetAttributes = {
					CB37EFFE1A847F1E0031EE18 = {
						CreatedOnToolsVersion = 6.1.1;
					};
					CB37F0131A847F1E0031EE18 = {
						CreatedOnToolsVersion = 6.1.1;
						TestTargetID = CB37EFFE1A847F1E0031EE18;
					};
				};
			};
			buildConfigurationList = CB37EFFA1A847F1E0031EE18 /* Build configuration list for PBXProject "99RedBallonStructChallenge" */;
			compatibilityVersion = "Xcode 3.2";
			developmentRegion = English;
			hasScannedForEncodings = 0;
			knownRegions = (
				en,
				Base,
			);
			mainGroup = CB37EFF61A847F1E0031EE18;
			productRefGroup = CB37F0001A847F1E0031EE18 /* Products */;
			projectDirPath = "";
			projectRoot = "";
			targets = (
				CB37EFFE1A847F1E0031EE18 /* 99RedBallonStructChallenge */,
				CB37F0131A847F1E0031EE18 /* 99RedBallonStructChallengeTests */,
			);
		};
/* End PBXProject section */

/* Begin PBXResourcesBuildPhase section */
		CB37EFFD1A847F1E0031EE18 /* Resources */ = {
			isa = PBXResourcesBuildPhase;
			buildActionMask = 2147483647;
			files = (
				CB37F00A1A847F1E0031EE18 /* Main.storyboard in Resources */,
				CB37F00F1A847F1E0031EE18 /* LaunchScreen.xib in Resources */,
				CB37F00C1A847F1E0031EE18 /* Images.xcassets in Resources */,
			);
			runOnlyForDeploymentPostprocessing = 0;
		};
		CB37F0121A847F1E0031EE18 /* Resources */ = {
			isa = PBXResourcesBuildPhase;
			buildActionMask = 2147483647;
			files = (
			);
			runOnlyForDeploymentPostprocessing = 0;
		};
/* End PBXResourcesBuildPhase section */

/* Begin PBXSourcesBuildPhase section */
		CB37EFFB1A847F1E0031EE18 /* Sources */ = {
			isa = PBXSourcesBuildPhase;
			buildActionMask = 2147483647;
			files = (
				CB37F0071A847F1E0031EE18 /* ViewController.swift in Sources */,
				CB37F0051A847F1E0031EE18 /* AppDelegate.swift in Sources */,
			);
			runOnlyForDeploymentPostprocessing = 0;
		};
		CB37F0101A847F1E0031EE18 /* Sources */ = {
			isa = PBXSourcesBuildPhase;
			buildActionMask = 2147483647;
			files = (
				CB37F01B1A847F1E0031EE18 /* _9RedBallonStructChallengeTests.swift in Sources */,
			);
			runOnlyForDeploymentPostprocessing = 0;
		};
/* End PBXSourcesBuildPhase section */

/* Begin PBXTargetDependency section */
		CB37F0161A847F1E0031EE18 /* PBXTargetDependency */ = {
			isa = PBXTargetDependency;
			target = CB37EFFE1A847F1E0031EE18 /* 99RedBallonStructChallenge */;
			targetProxy = CB37F0151A847F1E0031EE18 /* PBXContainerItemProxy */;
		};
/* End PBXTargetDependency section */

/* Begin PBXVariantGroup section */
		CB37F0081A847F1E0031EE18 /* Main.storyboard */ = {
			isa = PBXVariantGroup;
			children = (
				CB37F0091A847F1E0031EE18 /* Base */,
			);
			name = Main.storyboard;
			sourceTree = "<group>";
		};
		CB37F00D1A847F1E0031EE18 /* LaunchScreen.xib */ = {
			isa = PBXVariantGroup;
			children = (
				CB37F00E1A847F1E0031EE18 /* Base */,
			);
			name = LaunchScreen.xib;
			sourceTree = "<group>";
		};
/* End PBXVariantGroup section */

/* Begin XCBuildConfiguration section */
		CB37F01C1A847F1E0031EE18 /* Debug */ = {
			isa = XCBuildConfiguration;
			buildSettings = {
				ALWAYS_SEARCH_USER_PATHS = NO;
				CLANG_CXX_LANGUAGE_STANDARD = "gnu++0x";
				CLANG_CXX_LIBRARY = "libc++";
				CLANG_ENABLE_MODULES = YES;
				CLANG_ENABLE_OBJC_ARC = YES;
				CLANG_WARN_BOOL_CONVERSION = YES;
				CLANG_WARN_CONSTANT_CONVERSION = YES;
				CLANG_WARN_DIRECT_OBJC_ISA_USAGE = YES_ERROR;
				CLANG_WARN_EMPTY_BODY = YES;
				CLANG_WARN_ENUM_CONVERSION = YES;
				CLANG_WARN_INT_CONVERSION = YES;
				CLANG_WARN_OBJC_ROOT_CLASS = YES_ERROR;
				CLANG_WARN_UNREACHABLE_CODE = YES;
				CLANG_WARN__DUPLICATE_METHOD_MATCH = YES;
				"CODE_SIGN_IDENTITY[sdk=iphoneos*]" = "iPhone Developer";
				COPY_PHASE_STRIP = NO;
				ENABLE_STRICT_OBJC_MSGSEND = YES;
				GCC_C_LANGUAGE_STANDARD = gnu99;
				GCC_DYNAMIC_NO_PIC = NO;
				GCC_OPTIMIZATION_LEVEL = 0;
				GCC_PREPROCESSOR_DEFINITIONS = (
					"DEBUG=1",
					"$(inherited)",
				);
				GCC_SYMBOLS_PRIVATE_EXTERN = NO;
				GCC_WARN_64_TO_32_BIT_CONVERSION = YES;
				GCC_WARN_ABOUT_RETURN_TYPE = YES_ERROR;
				GCC_WARN_UNDECLARED_SELECTOR = YES;
				GCC_WARN_UNINITIALIZED_AUTOS = YES_AGGRESSIVE;
				GCC_WARN_UNUSED_FUNCTION = YES;
				GCC_WARN_UNUSED_VARIABLE = YES;
				IPHONEOS_DEPLOYMENT_TARGET = 8.1;
				MTL_ENABLE_DEBUG_INFO = YES;
				ONLY_ACTIVE_ARCH = YES;
				SDKROOT = iphoneos;
				SWIFT_OPTIMIZATION_LEVEL = "-Onone";
				TARGETED_DEVICE_FAMILY = "1,2";
			};
			name = Debug;
		};
		CB37F01D1A847F1E0031EE18 /* Release */ = {
			isa = XCBuildConfiguration;
			buildSettings = {
				ALWAYS_SEARCH_USER_PATHS = NO;
				CLANG_CXX_LANGUAGE_STANDARD = "gnu++0x";
				CLANG_CXX_LIBRARY = "libc++";
				CLANG_ENABLE_MODULES = YES;
				CLANG_ENABLE_OBJC_ARC = YES;
				CLANG_WARN_BOOL_CONVERSION = YES;
				CLANG_WARN_CONSTANT_CONVERSION = YES;
				CLANG_WARN_DIRECT_OBJC_ISA_USAGE = YES_ERROR;
				CLANG_WARN_EMPTY_BODY = YES;
				CLANG_WARN_ENUM_CONVERSION = YES;
				CLANG_WARN_INT_CONVERSION = YES;
				CLANG_WARN_OBJC_ROOT_CLASS = YES_ERROR;
				CLANG_WARN_UNREACHABLE_CODE = YES;
				CLANG_WARN__DUPLICATE_METHOD_MATCH = YES;
				"CODE_SIGN_IDENTITY[sdk=iphoneos*]" = "iPhone Developer";
				COPY_PHASE_STRIP = YES;
				ENABLE_NS_ASSERTIONS = NO;
				ENABLE_STRICT_OBJC_MSGSEND = YES;
				GCC_C_LANGUAGE_STANDARD = gnu99;
				GCC_WARN_64_TO_32_BIT_CONVERSION = YES;
				GCC_WARN_ABOUT_RETURN_TYPE = YES_ERROR;
				GCC_WARN_UNDECLARED_SELECTOR = YES;
				GCC_WARN_UNINITIALIZED_AUTOS = YES_AGGRESSIVE;
				GCC_WARN_UNUSED_FUNCTION = YES;
				GCC_WARN_UNUSED_VARIABLE = YES;
				IPHONEOS_DEPLOYMENT_TARGET = 8.1;
				MTL_ENABLE_DEBUG_INFO = NO;
				SDKROOT = iphoneos;
				TARGETED_DEVICE_FAMILY = "1,2";
				VALIDATE_PRODUCT = YES;
			};
			name = Release;
		};
		CB37F01F1A847F1E0031EE18 /* Debug */ = {
			isa = XCBuildConfiguration;
			buildSettings = {
				ASSETCATALOG_COMPILER_APPICON_NAME = AppIcon;
				INFOPLIST_FILE = 99RedBallonStructChallenge/Info.plist;
				LD_RUNPATH_SEARCH_PATHS = "$(inherited) @executable_path/Frameworks";
				PRODUCT_NAME = "$(TARGET_NAME)";
			};
			name = Debug;
		};
		CB37F0201A847F1E0031EE18 /* Release */ = {
			isa = XCBuildConfiguration;
			buildSettings = {
				ASSETCATALOG_COMPILER_APPICON_NAME = AppIcon;
				INFOPLIST_FILE = 99RedBallonStructChallenge/Info.plist;
				LD_RUNPATH_SEARCH_PATHS = "$(inherited) @executable_path/Frameworks";
				PRODUCT_NAME = "$(TARGET_NAME)";
			};
			name = Release;
		};
		CB37F0221A847F1E0031EE18 /* Debug */ = {
			isa = XCBuildConfiguration;
			buildSettings = {
				BUNDLE_LOADER = "$(TEST_HOST)";
				FRAMEWORK_SEARCH_PATHS = (
					"$(SDKROOT)/Developer/Library/Frameworks",
					"$(inherited)",
				);
				GCC_PREPROCESSOR_DEFINITIONS = (
					"DEBUG=1",
					"$(inherited)",
				);
				INFOPLIST_FILE = 99RedBallonStructChallengeTests/Info.plist;
				LD_RUNPATH_SEARCH_PATHS = "$(inherited) @executable_path/Frameworks @loader_path/Frameworks";
				PRODUCT_NAME = "$(TARGET_NAME)";
				TEST_HOST = "$(BUILT_PRODUCTS_DIR)/99RedBallonStructChallenge.app/99RedBallonStructChallenge";
			};
			name = Debug;
		};
		CB37F0231A847F1E0031EE18 /* Release */ = {
			isa = XCBuildConfiguration;
			buildSettings = {
				BUNDLE_LOADER = "$(TEST_HOST)";
				FRAMEWORK_SEARCH_PATHS = (
					"$(SDKROOT)/Developer/Library/Frameworks",
					"$(inherited)",
				);
				INFOPLIST_FILE = 99RedBallonStructChallengeTests/Info.plist;
				LD_RUNPATH_SEARCH_PATHS = "$(inherited) @executable_path/Frameworks @loader_path/Frameworks";
				PRODUCT_NAME = "$(TARGET_NAME)";
				TEST_HOST = "$(BUILT_PRODUCTS_DIR)/99RedBallonStructChallenge.app/99RedBallonStructChallenge";
			};
			name = Release;
		};
/* End XCBuildConfiguration section */

/* Begin XCConfigurationList section */
		CB37EFFA1A847F1E0031EE18 /* Build configuration list for PBXProject "99RedBallonStructChallenge" */ = {
			isa = XCConfigurationList;
			buildConfigurations = (
				CB37F01C1A847F1E0031EE18 /* Debug */,
				CB37F01D1A847F1E0031EE18 /* Release */,
			);
			defaultConfigurationIsVisible = 0;
			defaultConfigurationName = Release;
		};
		CB37F01E1A847F1E0031EE18 /* Build configuration list for PBXNativeTarget "99RedBallonStructChallenge" */ = {
			isa = XCConfigurationList;
			buildConfigurations = (
				CB37F01F1A847F1E0031EE18 /* Debug */,
				CB37F0201A847F1E0031EE18 /* Release */,
			);
			defaultConfigurationIsVisible = 0;
		};
		CB37F0211A847F1E0031EE18 /* Build configuration list for PBXNativeTarget "99RedBallonStructChallengeTests" */ = {
			isa = XCConfigurationList;
			buildConfigurations = (
				CB37F0221A847F1E0031EE18 /* Debug */,
				CB37F0231A847F1E0031EE18 /* Release */,
			);
			defaultConfigurationIsVisible = 0;
		};
/* End XCConfigurationList section */
	};
	rootObject = CB37EFF71A847F1E0031EE18 /* Project object */;
}
